<?xml version="1.0" encoding="utf-8"?>
<Project ToolsVersion="4.0" xmlns="http://schemas.microsoft.com/developer/msbuild/2003">
  <ItemGroup>
    <Filter Include="99.Defines">
      <UniqueIdentifier>{7aa2cf62-6ed3-40ac-8805-9ee09729bdbb}</UniqueIdentifier>
    </Filter>
    <Filter Include="98.Default">
      <UniqueIdentifier>{6d5ec687-677b-4977-bb88-b7f9efcaa511}</UniqueIdentifier>
    </Filter>
    <Filter Include="00.MainApp">
      <UniqueIdentifier>{c63a6ee7-b489-4d81-aba4-7ddf5b8337ce}</UniqueIdentifier>
    </Filter>
    <Filter Include="01.Levels">
      <UniqueIdentifier>{ccf6878b-78ca-4842-ae64-0a877924ff47}</UniqueIdentifier>
    </Filter>
    <Filter Include="01.Levels\Loading">
      <UniqueIdentifier>{7a99902d-21e3-45e9-8b26-4bd13c2c8d7a}</UniqueIdentifier>
    </Filter>
    <Filter Include="01.Levels\Logo">
      <UniqueIdentifier>{3b48192d-e33f-4d1d-b0c2-1a87fd3b50f8}</UniqueIdentifier>
    </Filter>
    <Filter Include="01.Levels\GamePlay">
      <UniqueIdentifier>{4c028a6b-0d86-4e59-9833-8ebd1556de8b}</UniqueIdentifier>
    </Filter>
    <Filter Include="01.Levels\Loading\Loader">
      <UniqueIdentifier>{2791bcc1-bc3d-498f-8eca-63a1bae0259d}</UniqueIdentifier>
    </Filter>
    <Filter Include="02.GameObject">
      <UniqueIdentifier>{85081ef4-12c5-4457-a79f-32e32125ccd1}</UniqueIdentifier>
    </Filter>
    <Filter Include="02.GameObject\Terrain">
      <UniqueIdentifier>{576b5eae-f1d8-48b3-ac05-b253fc808748}</UniqueIdentifier>
    </Filter>
    <Filter Include="02.GameObject\Camera">
      <UniqueIdentifier>{1e7bc0d0-157f-4f1f-ad70-dcc29bb98cd2}</UniqueIdentifier>
    </Filter>
    <Filter Include="02.GameObject\Camera\Free">
      <UniqueIdentifier>{88cff4c9-6a8e-4694-8905-0fed30859257}</UniqueIdentifier>
    </Filter>
    <Filter Include="02.GameObject\Bullet">
      <UniqueIdentifier>{9eac51e1-e6de-443c-a7a5-fbe9bb6c2c92}</UniqueIdentifier>
    </Filter>
    <Filter Include="01.Levels\Chapter">
      <UniqueIdentifier>{fea45dd9-ef53-4634-9af8-25e0eb434b59}</UniqueIdentifier>
    </Filter>
    <Filter Include="97.ShaderFiles">
      <UniqueIdentifier>{a99b3610-4e82-4f02-9a89-1281f5579e61}</UniqueIdentifier>
    </Filter>
    <Filter Include="02.GameObject\UI">
      <UniqueIdentifier>{09206269-9715-4f1e-b298-0edd0d866fa8}</UniqueIdentifier>
    </Filter>
    <Filter Include="96.ExternalTool">
      <UniqueIdentifier>{9b202d2a-4cfb-4054-a979-c76a00f9531f}</UniqueIdentifier>
    </Filter>
    <Filter Include="96.ExternalTool\imgui">
      <UniqueIdentifier>{999f0e88-299a-46cb-9d3c-e4daff124cf3}</UniqueIdentifier>
    </Filter>
    <Filter Include="96.ExternalTool\sources">
      <UniqueIdentifier>{264932e8-0c23-45bc-be9a-0bc7ce35d08d}</UniqueIdentifier>
    </Filter>
    <Filter Include="96.ExternalTool\_Manager">
      <UniqueIdentifier>{8a1b2f69-3b01-4e5e-93de-d0fd89dc9553}</UniqueIdentifier>
    </Filter>
    <Filter Include="01.Levels\Editor">
      <UniqueIdentifier>{af9130bc-0446-46f8-98b4-2fd46755179c}</UniqueIdentifier>
    </Filter>
    <Filter Include="02.GameObject\Camera\Editor">
      <UniqueIdentifier>{e4b13863-a76d-4f8e-ab0a-792317848329}</UniqueIdentifier>
    </Filter>
    <Filter Include="02.GameObject\_AnimObject">
      <UniqueIdentifier>{f8c1c8b8-c559-4ebb-8b56-203ca701a4dc}</UniqueIdentifier>
    </Filter>
    <Filter Include="02.GameObject\_AnimObject\Player">
      <UniqueIdentifier>{822b9ef2-e358-438b-8464-d8749a70c692}</UniqueIdentifier>
    </Filter>
    <Filter Include="02.GameObject\_AnimObject\Enemy">
      <UniqueIdentifier>{86fc2d53-70cf-4f59-9c8a-dc7fed8fa042}</UniqueIdentifier>
    </Filter>
    <Filter Include="02.GameObject\_NonAnimObject">
      <UniqueIdentifier>{13a3552f-0cc9-45a5-811b-fd185a7ec3c4}</UniqueIdentifier>
    </Filter>
    <Filter Include="02.GameObject\_NonAnimObject\Pot">
      <UniqueIdentifier>{15cecc25-36de-4e83-9e38-4b040f051001}</UniqueIdentifier>
    </Filter>
    <Filter Include="02.GameObject\_NonAnimObject\Fotel">
      <UniqueIdentifier>{1308e205-c261-45d1-8074-84a816818a9c}</UniqueIdentifier>
    </Filter>
    <Filter Include="02.GameObject\_NonAnimObject\ServerRack">
      <UniqueIdentifier>{f2a27300-1377-431d-b7b1-3aa42c9eb9ac}</UniqueIdentifier>
    </Filter>
    <Filter Include="02.GameObject\_AnimObject\Player\Body">
      <UniqueIdentifier>{cda27a66-05b2-4e3a-8e8c-489507d36161}</UniqueIdentifier>
    </Filter>
    <Filter Include="02.GameObject\_AnimObject\Player\SubObj_Weapon">
      <UniqueIdentifier>{e956ac9c-df4a-4a24-bf43-6467ce1a1334}</UniqueIdentifier>
    </Filter>
    <Filter Include="02.GameObject\UI\BackGround">
      <UniqueIdentifier>{dd1b4364-796d-40a5-aad0-a826b661a0f4}</UniqueIdentifier>
    </Filter>
    <Filter Include="02.GameObject\Skybox">
      <UniqueIdentifier>{9987aa43-9f3f-4257-94b2-6c3973a945bb}</UniqueIdentifier>
    </Filter>
    <Filter Include="01.Levels\Chapter\Normal">
      <UniqueIdentifier>{421358cb-819b-43d7-bb45-13561a00dbb5}</UniqueIdentifier>
    </Filter>
    <Filter Include="01.Levels\Stage">
      <UniqueIdentifier>{133169bd-5d15-42ea-bf92-89fc9e2285fc}</UniqueIdentifier>
    </Filter>
    <Filter Include="01.Levels\Stage\Stages">
      <UniqueIdentifier>{01ed9aac-551c-402d-94b8-604a506b8bb9}</UniqueIdentifier>
    </Filter>
    <Filter Include="01.Levels\Stage\Stages_Test">
      <UniqueIdentifier>{3d51f365-9f87-465e-ad48-cb916780d57f}</UniqueIdentifier>
    </Filter>
    <Filter Include="02.GameObject\Camera\Player">
      <UniqueIdentifier>{105f46b6-7a00-4ef7-9a43-ac7c5389e923}</UniqueIdentifier>
    </Filter>
  </ItemGroup>
  <ItemGroup>
    <ClInclude Include="Client.h">
      <Filter>98.Default</Filter>
    </ClInclude>
    <ClInclude Include="framework.h">
      <Filter>98.Default</Filter>
    </ClInclude>
    <ClInclude Include="Resource.h">
      <Filter>98.Default</Filter>
    </ClInclude>
    <ClInclude Include="targetver.h">
      <Filter>98.Default</Filter>
    </ClInclude>
    <ClInclude Include="..\Public\Client_Defines.h">
      <Filter>99.Defines</Filter>
    </ClInclude>
    <ClInclude Include="..\Public\MainApp.h">
      <Filter>00.MainApp</Filter>
    </ClInclude>
    <ClInclude Include="..\Public\Level_GamePlay.h">
      <Filter>01.Levels\GamePlay</Filter>
    </ClInclude>
    <ClInclude Include="..\Public\Level_Loading.h">
      <Filter>01.Levels\Loading</Filter>
    </ClInclude>
    <ClInclude Include="..\Public\Level_Logo.h">
      <Filter>01.Levels\Logo</Filter>
    </ClInclude>
    <ClInclude Include="..\Public\Loader.h">
      <Filter>01.Levels\Loading\Loader</Filter>
    </ClInclude>
    <ClInclude Include="..\public\BackGround.h">
      <Filter>02.GameObject\UI\BackGround</Filter>
    </ClInclude>
    <ClInclude Include="..\Public\Terrain.h">
      <Filter>02.GameObject\Terrain</Filter>
    </ClInclude>
    <ClInclude Include="..\public\Camera_Free.h">
      <Filter>02.GameObject\Camera\Free</Filter>
    </ClInclude>
    <ClInclude Include="..\public\Enemy.h">
      <Filter>02.GameObject\_AnimObject\Enemy</Filter>
    </ClInclude>
    <ClInclude Include="..\public\Player.h">
      <Filter>02.GameObject\_AnimObject\Player</Filter>
    </ClInclude>
    <ClInclude Include="..\public\Bullet.h">
      <Filter>02.GameObject\Bullet</Filter>
    </ClInclude>
    <ClInclude Include="..\public\UI_Crosshair.h">
      <Filter>02.GameObject\UI</Filter>
    </ClInclude>
    <ClInclude Include="..\Public\ImGui_Manager.h">
      <Filter>96.ExternalTool\_Manager</Filter>
    </ClInclude>
    <ClInclude Include="..\ThirdPartyCode\imGui\imgui_internal.h">
      <Filter>96.ExternalTool\imgui</Filter>
    </ClInclude>
    <ClInclude Include="..\ThirdPartyCode\imGui\imstb_rectpack.h">
      <Filter>96.ExternalTool\imgui</Filter>
    </ClInclude>
    <ClInclude Include="..\ThirdPartyCode\imGui\imstb_textedit.h">
      <Filter>96.ExternalTool\imgui</Filter>
    </ClInclude>
    <ClInclude Include="..\ThirdPartyCode\imGui\imstb_truetype.h">
      <Filter>96.ExternalTool\imgui</Filter>
    </ClInclude>
    <ClInclude Include="..\ThirdPartyCode\imGui\imconfig.h">
      <Filter>96.ExternalTool\imgui</Filter>
    </ClInclude>
    <ClInclude Include="..\ThirdPartyCode\imGui\imgui.h">
      <Filter>96.ExternalTool\imgui</Filter>
    </ClInclude>
    <ClInclude Include="..\ThirdPartyCode\imGui\imgui_impl_dx11.h">
      <Filter>96.ExternalTool\sources</Filter>
    </ClInclude>
    <ClInclude Include="..\ThirdPartyCode\imGui\imgui_impl_win32.h">
      <Filter>96.ExternalTool\sources</Filter>
    </ClInclude>
    <ClInclude Include="..\public\Level_Editor.h">
      <Filter>01.Levels\Editor</Filter>
    </ClInclude>
    <ClInclude Include="..\public\Camera_Editor.h">
      <Filter>02.GameObject\Camera\Editor</Filter>
    </ClInclude>
    <ClInclude Include="..\Public\Props_Fotel.h">
      <Filter>02.GameObject\_NonAnimObject\Fotel</Filter>
    </ClInclude>
    <ClInclude Include="..\Public\Props_Pot.h">
      <Filter>02.GameObject\_NonAnimObject\Pot</Filter>
    </ClInclude>
    <ClInclude Include="..\public\Props_ServerRack1.h">
      <Filter>02.GameObject\_NonAnimObject\ServerRack</Filter>
    </ClInclude>
    <ClInclude Include="..\Public\Props_ServerRack2.h">
      <Filter>02.GameObject\_NonAnimObject\ServerRack</Filter>
    </ClInclude>
    <ClInclude Include="..\Public\Body_Player.h">
      <Filter>02.GameObject\_AnimObject\Player\Body</Filter>
    </ClInclude>
    <ClInclude Include="..\public\Weapon.h">
      <Filter>02.GameObject\_AnimObject\Player\SubObj_Weapon</Filter>
    </ClInclude>
    <ClInclude Include="..\public\Skybox.h">
      <Filter>02.GameObject\Skybox</Filter>
    </ClInclude>
    <ClInclude Include="..\public\Level_Stage.h">
      <Filter>01.Levels\Stage</Filter>
    </ClInclude>
    <ClInclude Include="..\public\Stage_Test1.h">
      <Filter>01.Levels\Stage\Stages_Test</Filter>
    </ClInclude>
    <ClInclude Include="..\public\Camera_Player.h">
      <Filter>02.GameObject\Camera\Player</Filter>
    </ClInclude>
  </ItemGroup>
  <ItemGroup>
    <Image Include="Client.ico">
      <Filter>98.Default</Filter>
    </Image>
    <Image Include="small.ico">
      <Filter>98.Default</Filter>
    </Image>
  </ItemGroup>
  <ItemGroup>
    <ResourceCompile Include="Client.rc">
      <Filter>98.Default</Filter>
    </ResourceCompile>
  </ItemGroup>
  <ItemGroup>
    <ClCompile Include="Client.cpp">
      <Filter>98.Default</Filter>
    </ClCompile>
    <ClCompile Include="..\Private\MainApp.cpp">
      <Filter>00.MainApp</Filter>
    </ClCompile>
    <ClCompile Include="..\Private\Level_GamePlay.cpp">
      <Filter>01.Levels\GamePlay</Filter>
    </ClCompile>
    <ClCompile Include="..\Private\Level_Loading.cpp">
      <Filter>01.Levels\Loading</Filter>
    </ClCompile>
    <ClCompile Include="..\Private\Level_Logo.cpp">
      <Filter>01.Levels\Logo</Filter>
    </ClCompile>
    <ClCompile Include="..\Private\Loader.cpp">
      <Filter>01.Levels\Loading\Loader</Filter>
    </ClCompile>
    <ClCompile Include="..\private\BackGround.cpp">
      <Filter>02.GameObject\UI\BackGround</Filter>
    </ClCompile>
    <ClCompile Include="..\Private\Terrain.cpp">
      <Filter>02.GameObject\Terrain</Filter>
    </ClCompile>
    <ClCompile Include="..\private\Camera_Free.cpp">
      <Filter>02.GameObject\Camera\Free</Filter>
    </ClCompile>
    <ClCompile Include="..\private\Enemy.cpp">
      <Filter>02.GameObject\_AnimObject\Enemy</Filter>
    </ClCompile>
    <ClCompile Include="..\private\Player.cpp">
      <Filter>02.GameObject\_AnimObject\Player</Filter>
    </ClCompile>
    <ClCompile Include="..\private\Bullet.cpp">
      <Filter>02.GameObject\Bullet</Filter>
    </ClCompile>
    <ClCompile Include="..\private\UI_Crosshair.cpp">
      <Filter>02.GameObject\UI</Filter>
    </ClCompile>
    <ClCompile Include="..\Private\ImGui_Manager.cpp">
      <Filter>96.ExternalTool\_Manager</Filter>
    </ClCompile>
    <ClCompile Include="..\ThirdPartyCode\imGui\imgui_tables.cpp">
      <Filter>96.ExternalTool\imgui</Filter>
    </ClCompile>
    <ClCompile Include="..\ThirdPartyCode\imGui\imgui_widgets.cpp">
      <Filter>96.ExternalTool\imgui</Filter>
    </ClCompile>
    <ClCompile Include="..\ThirdPartyCode\imGui\imgui.cpp">
      <Filter>96.ExternalTool\imgui</Filter>
    </ClCompile>
    <ClCompile Include="..\ThirdPartyCode\imGui\imgui_demo.cpp">
      <Filter>96.ExternalTool\imgui</Filter>
    </ClCompile>
    <ClCompile Include="..\ThirdPartyCode\imGui\imgui_draw.cpp">
      <Filter>96.ExternalTool\imgui</Filter>
    </ClCompile>
    <ClCompile Include="..\ThirdPartyCode\imGui\imgui_impl_dx11.cpp">
      <Filter>96.ExternalTool\sources</Filter>
    </ClCompile>
    <ClCompile Include="..\ThirdPartyCode\imGui\imgui_impl_win32.cpp">
      <Filter>96.ExternalTool\sources</Filter>
    </ClCompile>
    <ClCompile Include="..\private\Level_Editor.cpp">
      <Filter>01.Levels\Editor</Filter>
    </ClCompile>
    <ClCompile Include="..\private\Camera_Editor.cpp">
      <Filter>02.GameObject\Camera\Editor</Filter>
    </ClCompile>
    <ClCompile Include="..\Private\Props_Fotel.cpp">
      <Filter>02.GameObject\_NonAnimObject\Fotel</Filter>
    </ClCompile>
    <ClCompile Include="..\Private\Props_Pot.cpp">
      <Filter>02.GameObject\_NonAnimObject\Pot</Filter>
    </ClCompile>
    <ClCompile Include="..\private\Props_ServerRack1.cpp">
      <Filter>02.GameObject\_NonAnimObject\ServerRack</Filter>
    </ClCompile>
    <ClCompile Include="..\Private\Props_ServerRack2.cpp">
      <Filter>02.GameObject\_NonAnimObject\ServerRack</Filter>
    </ClCompile>
    <ClCompile Include="..\Private\Body_Player.cpp">
      <Filter>02.GameObject\_AnimObject\Player\Body</Filter>
    </ClCompile>
    <ClCompile Include="..\private\Weapon.cpp">
      <Filter>02.GameObject\_AnimObject\Player\SubObj_Weapon</Filter>
    </ClCompile>
    <ClCompile Include="..\private\Skybox.cpp">
      <Filter>02.GameObject\Skybox</Filter>
    </ClCompile>
    <ClCompile Include="..\private\Level_Stage.cpp">
      <Filter>01.Levels\Stage</Filter>
    </ClCompile>
    <ClCompile Include="..\private\Stage_Test1.cpp">
      <Filter>01.Levels\Stage\Stages_Test</Filter>
    </ClCompile>
    <ClCompile Include="..\private\Camera_Player.cpp">
      <Filter>02.GameObject\Camera\Player</Filter>
    </ClCompile>
  </ItemGroup>
  <ItemGroup>
    <FxCompile Include="..\Bin\ShaderFiles\Shader_VtxNorTex.hlsl">
      <Filter>97.ShaderFiles</Filter>
    </FxCompile>
    <FxCompile Include="..\Bin\ShaderFiles\Shader_VtxPosTex.hlsl">
      <Filter>97.ShaderFiles</Filter>
    </FxCompile>
    <FxCompile Include="..\Bin\ShaderFiles\Shader_VtxMesh.hlsl">
      <Filter>97.ShaderFiles</Filter>
    </FxCompile>
    <FxCompile Include="..\Bin\ShaderFiles\Shader_VtxAnimMesh.hlsl">
      <Filter>97.ShaderFiles</Filter>
    </FxCompile>
    <FxCompile Include="..\..\..\SR_REF11\Client\Bin\ShaderFiles\Shader_VtxCube.hlsl">
      <Filter>97.ShaderFiles</Filter>
    </FxCompile>
  </ItemGroup>
</Project>